{
  "version": 1,
  "dependencies": {
    "net10.0": {
      "Confluent.Kafka": {
        "type": "Direct",
        "requested": "[2.15.0, )",
        "resolved": "2.15.0",
        "contentHash": "/BOEnIKAq1AHq6vPl+0RBDiKwI6L6tJaYBo1qH+OAUP5MFy0i0MhSfgtqKW9/M8J9dQPfb/izWU+R0Uc6DyW2w==",
        "dependencies": {
          "librdkafka.redist": "2.15.0"
        }
      },
      "librdkafka.redist": {
        "type": "Transitive",
        "resolved": "2.15.0",
        "contentHash": "DzG2YcqWPT3Ly91aeDYsgsVcJXlOMiK9oqyRdPvQz9ZMbcV8Ob0rQA6fNUQ4sarmzFk4phqwPlVQxtZDGLP69w=="
      }
    }
  }
}